
Microsoft Visual Studio Solution File, Format Version 12.00
# Visual Studio Version 17
VisualStudioVersion = 17.0.31903.59
MinimumVisualStudioVersion = 10.0.40219.1
Project("{FAE04EC0-301F-11D3-BF4B-00C04F79EFBC}") = "Exercicio6", "Exercicio6\Exercicio6.csproj", "{CE59D661-0213-4B82-989D-6CBB7692223F}"
EndProject
Project("{FAE04EC0-301F-11D3-BF4B-00C04F79EFBC}") = "exercicio6b", "exercicio6b\exercicio6b.csproj", "{5BBF68F9-D9BF-43F3-A44E-44FE2D14B671}"
EndProject
Project("{FAE04EC0-301F-11D3-BF4B-00C04F79EFBC}") = "Exercicio6a", "Exercicio6a\Exercicio6a.csproj", "{3E16915C-C698-4006-99C4-A3A12D695CC7}"
EndProject
Global
	GlobalSection(SolutionConfigurationPlatforms) = preSolution
		Debug|Any CPU = Debug|Any CPU
		Release|Any CPU = Release|Any CPU
	EndGlobalSection
	GlobalSection(SolutionProperties) = preSolution
		HideSolutionNode = FALSE
	EndGlobalSection
	GlobalSection(ProjectConfigurationPlatforms) = postSolution
		{CE59D661-0213-4B82-989D-6CBB7692223F}.Debug|Any CPU.ActiveCfg = Debug|Any CPU
		{CE59D661-0213-4B82-989D-6CBB7692223F}.Debug|Any CPU.Build.0 = Debug|Any CPU
		{CE59D661-0213-4B82-989D-6CBB7692223F}.Release|Any CPU.ActiveCfg = Release|Any CPU
		{CE59D661-0213-4B82-989D-6CBB7692223F}.Release|Any CPU.Build.0 = Release|Any CPU
		{5BBF68F9-D9BF-43F3-A44E-44FE2D14B671}.Debug|Any CPU.ActiveCfg = Debug|Any CPU
		{5BBF68F9-D9BF-43F3-A44E-44FE2D14B671}.Debug|Any CPU.Build.0 = Debug|Any CPU
		{5BBF68F9-D9BF-43F3-A44E-44FE2D14B671}.Release|Any CPU.ActiveCfg = Release|Any CPU
		{5BBF68F9-D9BF-43F3-A44E-44FE2D14B671}.Release|Any CPU.Build.0 = Release|Any CPU
		{3E16915C-C698-4006-99C4-A3A12D695CC7}.Debug|Any CPU.ActiveCfg = Debug|Any CPU
		{3E16915C-C698-4006-99C4-A3A12D695CC7}.Debug|Any CPU.Build.0 = Debug|Any CPU
		{3E16915C-C698-4006-99C4-A3A12D695CC7}.Release|Any CPU.ActiveCfg = Release|Any CPU
		{3E16915C-C698-4006-99C4-A3A12D695CC7}.Release|Any CPU.Build.0 = Release|Any CPU
	EndGlobalSection
EndGlobal
